
Microsoft Visual Studio Solution File, Format Version 12.00
# Visual Studio 14
VisualStudioVersion = 14.0.25420.1
MinimumVisualStudioVersion = 10.0.40219.1
Project("{2150E333-8FDC-42A3-9474-1A3956D46DE8}") = "Repository", "Repository", "{8F300AFD-8B5A-466D-878F-9B002CF52A75}"
EndProject
Project("{2150E333-8FDC-42A3-9474-1A3956D46DE8}") = "Service", "Service", "{C93177A4-3C53-49C6-BB55-BB6B3EA65D8C}"
EndProject
Project("{FAE04EC0-301F-11D3-BF4B-00C04F79EFBC}") = "PredictionApp.Service", "Source\Service\PredictionApp.Service\PredictionApp.Service.csproj", "{E203417E-1680-45E0-A55D-0707AA177EA7}"
EndProject
Project("{FAE04EC0-301F-11D3-BF4B-00C04F79EFBC}") = "PredictionApp.Repository", "Source\Repository\PredictionApp.Repository\PredictionApp.Repository.csproj", "{2B2E15A7-94C9-43B8-8ACC-1B362E59C152}"
EndProject
Project("{2150E333-8FDC-42A3-9474-1A3956D46DE8}") = "Common", "Common", "{04ACA684-9A7A-4B07-B5B9-CC654C0307B4}"
EndProject
Project("{FAE04EC0-301F-11D3-BF4B-00C04F79EFBC}") = "PredictionApp.Common", "Source\Common\PredictionApp.Common\PredictionApp.Common.csproj", "{CB07C1FE-FCDA-46EC-8756-3A7B8FCB04B7}"
EndProject
Project("{2150E333-8FDC-42A3-9474-1A3956D46DE8}") = "Presentation", "Presentation", "{B4D12DDA-52B4-4B43-90A1-37D4BBF156FE}"
EndProject
Project("{FAE04EC0-301F-11D3-BF4B-00C04F79EFBC}") = "PredictionApp.Presentation.Web", "Source\Presentation\PredictionApp.Presentation.Web\PredictionApp.Presentation.Web.csproj", "{6CE01570-4FCF-4356-ADB4-31A7876D26D1}"
EndProject
Project("{FAE04EC0-301F-11D3-BF4B-00C04F79EFBC}") = "PredictionApp.Presentation.Console.DataGeneration", "Source\Presentation\PredictionApp.Presentation.Console.DataGeneration\PredictionApp.Presentation.Console.DataGeneration.csproj", "{F08A2EA1-14A6-4115-BB1F-2FE6103FE6D6}"
EndProject
Global
	GlobalSection(SolutionConfigurationPlatforms) = preSolution
		Debug|Any CPU = Debug|Any CPU
		Release|Any CPU = Release|Any CPU
	EndGlobalSection
	GlobalSection(ProjectConfigurationPlatforms) = postSolution
		{E203417E-1680-45E0-A55D-0707AA177EA7}.Debug|Any CPU.ActiveCfg = Debug|Any CPU
		{E203417E-1680-45E0-A55D-0707AA177EA7}.Debug|Any CPU.Build.0 = Debug|Any CPU
		{E203417E-1680-45E0-A55D-0707AA177EA7}.Release|Any CPU.ActiveCfg = Release|Any CPU
		{E203417E-1680-45E0-A55D-0707AA177EA7}.Release|Any CPU.Build.0 = Release|Any CPU
		{2B2E15A7-94C9-43B8-8ACC-1B362E59C152}.Debug|Any CPU.ActiveCfg = Debug|Any CPU
		{2B2E15A7-94C9-43B8-8ACC-1B362E59C152}.Debug|Any CPU.Build.0 = Debug|Any CPU
		{2B2E15A7-94C9-43B8-8ACC-1B362E59C152}.Release|Any CPU.ActiveCfg = Release|Any CPU
		{2B2E15A7-94C9-43B8-8ACC-1B362E59C152}.Release|Any CPU.Build.0 = Release|Any CPU
		{CB07C1FE-FCDA-46EC-8756-3A7B8FCB04B7}.Debug|Any CPU.ActiveCfg = Debug|Any CPU
		{CB07C1FE-FCDA-46EC-8756-3A7B8FCB04B7}.Debug|Any CPU.Build.0 = Debug|Any CPU
		{CB07C1FE-FCDA-46EC-8756-3A7B8FCB04B7}.Release|Any CPU.ActiveCfg = Release|Any CPU
		{CB07C1FE-FCDA-46EC-8756-3A7B8FCB04B7}.Release|Any CPU.Build.0 = Release|Any CPU
		{6CE01570-4FCF-4356-ADB4-31A7876D26D1}.Debug|Any CPU.ActiveCfg = Debug|Any CPU
		{6CE01570-4FCF-4356-ADB4-31A7876D26D1}.Debug|Any CPU.Build.0 = Debug|Any CPU
		{6CE01570-4FCF-4356-ADB4-31A7876D26D1}.Release|Any CPU.ActiveCfg = Release|Any CPU
		{6CE01570-4FCF-4356-ADB4-31A7876D26D1}.Release|Any CPU.Build.0 = Release|Any CPU
		{F08A2EA1-14A6-4115-BB1F-2FE6103FE6D6}.Debug|Any CPU.ActiveCfg = Debug|Any CPU
		{F08A2EA1-14A6-4115-BB1F-2FE6103FE6D6}.Debug|Any CPU.Build.0 = Debug|Any CPU
		{F08A2EA1-14A6-4115-BB1F-2FE6103FE6D6}.Release|Any CPU.ActiveCfg = Release|Any CPU
		{F08A2EA1-14A6-4115-BB1F-2FE6103FE6D6}.Release|Any CPU.Build.0 = Release|Any CPU
	EndGlobalSection
	GlobalSection(SolutionProperties) = preSolution
		HideSolutionNode = FALSE
	EndGlobalSection
	GlobalSection(NestedProjects) = preSolution
		{E203417E-1680-45E0-A55D-0707AA177EA7} = {C93177A4-3C53-49C6-BB55-BB6B3EA65D8C}
		{2B2E15A7-94C9-43B8-8ACC-1B362E59C152} = {8F300AFD-8B5A-466D-878F-9B002CF52A75}
		{CB07C1FE-FCDA-46EC-8756-3A7B8FCB04B7} = {04ACA684-9A7A-4B07-B5B9-CC654C0307B4}
		{6CE01570-4FCF-4356-ADB4-31A7876D26D1} = {B4D12DDA-52B4-4B43-90A1-37D4BBF156FE}
		{F08A2EA1-14A6-4115-BB1F-2FE6103FE6D6} = {B4D12DDA-52B4-4B43-90A1-37D4BBF156FE}
	EndGlobalSection
EndGlobal
